<?xml version="1.0" encoding="utf-8"?>
<Project ToolsVersion="4.0" xmlns="http://schemas.microsoft.com/developer/msbuild/2003">
  <ItemGroup>
    <Filter Include="ソース ファイル">
      <UniqueIdentifier>{4FC737F1-C7A5-4376-A066-2A32D752A2FF}</UniqueIdentifier>
      <Extensions>cpp;c;cc;cxx;c++;cppm;ixx;def;odl;idl;hpj;bat;asm;asmx</Extensions>
    </Filter>
    <Filter Include="ヘッダー ファイル">
      <UniqueIdentifier>{93995380-89BD-4b04-88EB-625FBE52EBFB}</UniqueIdentifier>
      <Extensions>h;hh;hpp;hxx;h++;hm;inl;inc;ipp;xsd</Extensions>
    </Filter>
    <Filter Include="リソース ファイル">
      <UniqueIdentifier>{67DA6AB6-F800-4c08-8B7A-83BB121AAD01}</UniqueIdentifier>
      <Extensions>rc;ico;cur;bmp;dlg;rc2;rct;bin;rgs;gif;jpg;jpeg;jpe;resx;tiff;tif;png;wav;mfcribbon-ms</Extensions>
    </Filter>
    <Filter Include="imgui">
      <UniqueIdentifier>{4601c333-aa04-41fc-afe5-32f6d158f906}</UniqueIdentifier>
    </Filter>
    <Filter Include="PSO">
      <UniqueIdentifier>{3276363f-251f-4b75-ad98-f09f0b484152}</UniqueIdentifier>
    </Filter>
  </ItemGroup>
  <ItemGroup>
    <ClCompile Include="main.cpp">
      <Filter>ソース ファイル</Filter>
    </ClCompile>
    <ClCompile Include="MatchaEngine\Math\Calculation.cpp">
      <Filter>ソース ファイル</Filter>
    </ClCompile>
    <ClCompile Include="externals\imgui\imgui.cpp">
      <Filter>imgui</Filter>
    </ClCompile>
    <ClCompile Include="externals\imgui\imgui_demo.cpp">
      <Filter>imgui</Filter>
    </ClCompile>
    <ClCompile Include="externals\imgui\imgui_draw.cpp">
      <Filter>imgui</Filter>
    </ClCompile>
    <ClCompile Include="externals\imgui\imgui_impl_dx12.cpp">
      <Filter>imgui</Filter>
    </ClCompile>
    <ClCompile Include="externals\imgui\imgui_impl_win32.cpp">
      <Filter>imgui</Filter>
    </ClCompile>
    <ClCompile Include="externals\imgui\imgui_tables.cpp">
      <Filter>imgui</Filter>
    </ClCompile>
    <ClCompile Include="externals\imgui\imgui_widgets.cpp">
      <Filter>imgui</Filter>
    </ClCompile>
    <ClCompile Include="MatchaEngine\Graphics\Draw.cpp">
      <Filter>ソース ファイル</Filter>
    </ClCompile>
    <ClCompile Include="MatchaEngine\Graphics\GraphicsDevice.cpp">
      <Filter>ソース ファイル</Filter>
    </ClCompile>
    <ClCompile Include="MatchaEngine\Core\LogHandler.cpp">
      <Filter>ソース ファイル</Filter>
    </ClCompile>
    <ClCompile Include="MatchaEngine\Core\WindowConfig.cpp">
      <Filter>ソース ファイル</Filter>
    </ClCompile>
    <ClCompile Include="MatchaEngine\Common\CommandContext.cpp">
      <Filter>ソース ファイル</Filter>
    </ClCompile>
    <ClCompile Include="MatchaEngine\Graphics\PSO\GraphicsPipelineState.cpp">
      <Filter>PSO</Filter>
    </ClCompile>
    <ClCompile Include="MatchaEngine\Graphics\PSO\RootSignature.cpp">
      <Filter>PSO</Filter>
    </ClCompile>
    <ClCompile Include="MatchaEngine\Graphics\PSO\InputLayout.cpp">
      <Filter>PSO</Filter>
    </ClCompile>
    <ClCompile Include="MatchaEngine\Graphics\PSO\RootParameter.cpp">
      <Filter>PSO</Filter>
    </ClCompile>
    <ClCompile Include="MatchaEngine\Graphics\PSO\BlendState.cpp">
      <Filter>PSO</Filter>
    </ClCompile>
    <ClCompile Include="MatchaEngine\Graphics\PSO\RasterizerState.cpp">
      <Filter>PSO</Filter>
    </ClCompile>
    <ClCompile Include="MatchaEngine\Graphics\PSO\ShaderCompile.cpp">
      <Filter>PSO</Filter>
    </ClCompile>
    <ClCompile Include="MatchaEngine\Graphics\PSO\DirectXShaderCompiler.cpp">
      <Filter>PSO</Filter>
    </ClCompile>
    <ClCompile Include="MatchaEngine\Graphics\PSO\DepthStencilState.cpp">
      <Filter>PSO</Filter>
    </ClCompile>
    <ClCompile Include="MatchaEngine\Engine.cpp">
      <Filter>ソース ファイル</Filter>
    </ClCompile>
    <ClCompile Include="MatchaEngine\Resource\Audio.cpp">
      <Filter>ソース ファイル</Filter>
    </ClCompile>
    <ClCompile Include="MatchaEngine\Input\Input.cpp">
      <Filter>ソース ファイル</Filter>
    </ClCompile>
    <ClCompile Include="MatchaEngine\GameObjects\DebugCamera.cpp">
      <Filter>ソース ファイル</Filter>
    </ClCompile>
    <ClCompile Include="MatchaEngine\Graphics\SwapChain.cpp">
      <Filter>ソース ファイル</Filter>
    </ClCompile>
    <ClCompile Include="MatchaEngine\Graphics\DescriptorHeap.cpp">
      <Filter>ソース ファイル</Filter>
    </ClCompile>
    <ClCompile Include="MatchaEngine\Graphics\RenderTargetView.cpp">
      <Filter>ソース ファイル</Filter>
    </ClCompile>
    <ClCompile Include="MatchaEngine\GameObjects\MaterialFactory.cpp">
      <Filter>ソース ファイル</Filter>
    </ClCompile>
    <ClCompile Include="MatchaEngine\Graphics\DepthStencil.cpp">
      <Filter>ソース ファイル</Filter>
    </ClCompile>
    <ClCompile Include="MatchaEngine\Graphics\PSO\Sampler.cpp">
      <Filter>ソース ファイル</Filter>
    </ClCompile>
    <ClCompile Include="MatchaEngine\Graphics\GpuSyncManager.cpp">
      <Filter>ソース ファイル</Filter>
    </ClCompile>
    <ClCompile Include="MatchaEngine\Graphics\ViewportScissor.cpp">
      <Filter>ソース ファイル</Filter>
    </ClCompile>
    <ClCompile Include="MatchaEngine\GameObjects\Model.cpp">
      <Filter>ソース ファイル</Filter>
    </ClCompile>
    <ClCompile Include="MatchaEngine\Resource\Texture.cpp">
      <Filter>ソース ファイル</Filter>
    </ClCompile>
    <ClCompile Include="MatchaEngine\Resource\Load.cpp">
      <Filter>ソース ファイル</Filter>
    </ClCompile>
    <ClCompile Include="MatchaEngine\Resource\TextureLoader.cpp">
      <Filter>ソース ファイル</Filter>
    </ClCompile>
    <ClCompile Include="MatchaEngine\Graphics\DirectinalLight.cpp">
      <Filter>ソース ファイル</Filter>
    </ClCompile>
    <ClCompile Include="MatchaEngine\Graphics\ResourceBarrierHelper.cpp">
      <Filter>ソース ファイル</Filter>
    </ClCompile>
    <ClCompile Include="MatchaEngine\GameObjects\Sprite.cpp">
      <Filter>ソース ファイル</Filter>
    </ClCompile>
    <ClCompile Include="MatchaEngine\GameObjects\Sphere.cpp">
      <Filter>ソース ファイル</Filter>
    </ClCompile>
  </ItemGroup>
  <ItemGroup>
    <FxCompile Include="MatchaEngine\Graphics\Shader\Object3d.VS.hlsl" />
    <FxCompile Include="MatchaEngine\Graphics\Shader\Object3d.PS.hlsl" />
  </ItemGroup>
  <ItemGroup>
    <ClInclude Include="MatchaEngine\Math\Calculation.h">
      <Filter>ヘッダー ファイル</Filter>
    </ClInclude>
    <ClInclude Include="externals\imgui\imconfig.h">
      <Filter>imgui</Filter>
    </ClInclude>
    <ClInclude Include="externals\imgui\imgui.h">
      <Filter>imgui</Filter>
    </ClInclude>
    <ClInclude Include="externals\imgui\imgui_impl_dx12.h">
      <Filter>imgui</Filter>
    </ClInclude>
    <ClInclude Include="externals\imgui\imgui_impl_win32.h">
      <Filter>imgui</Filter>
    </ClInclude>
    <ClInclude Include="externals\imgui\imgui_internal.h">
      <Filter>imgui</Filter>
    </ClInclude>
    <ClInclude Include="externals\imgui\imstb_rectpack.h">
      <Filter>imgui</Filter>
    </ClInclude>
    <ClInclude Include="externals\imgui\imstb_textedit.h">
      <Filter>imgui</Filter>
    </ClInclude>
    <ClInclude Include="externals\imgui\imstb_truetype.h">
      <Filter>imgui</Filter>
    </ClInclude>
    <ClInclude Include="MatchaEngine\Graphics\Draw.h">
      <Filter>ヘッダー ファイル</Filter>
    </ClInclude>
    <ClInclude Include="MatchaEngine\Core\VariableTypes.h">
      <Filter>ヘッダー ファイル</Filter>
    </ClInclude>
    <ClInclude Include="MatchaEngine\Graphics\GraphicsDevice.h">
      <Filter>ヘッダー ファイル</Filter>
    </ClInclude>
    <ClInclude Include="MatchaEngine\Core\LogHandler.h">
      <Filter>ヘッダー ファイル</Filter>
    </ClInclude>
    <ClInclude Include="MatchaEngine\Core\WindowConfig.h">
      <Filter>ヘッダー ファイル</Filter>
    </ClInclude>
    <ClInclude Include="MatchaEngine\Common\CommandContext.h">
      <Filter>ヘッダー ファイル</Filter>
    </ClInclude>
    <ClInclude Include="MatchaEngine\Graphics\PSO\GraphicsPipelineState.h">
      <Filter>PSO</Filter>
    </ClInclude>
    <ClInclude Include="MatchaEngine\Graphics\PSO\RootSignature.h">
      <Filter>PSO</Filter>
    </ClInclude>
    <ClInclude Include="MatchaEngine\Graphics\PSO\InputLayout.h">
      <Filter>PSO</Filter>
    </ClInclude>
    <ClInclude Include="MatchaEngine\Graphics\PSO\RootParameter.h">
      <Filter>PSO</Filter>
    </ClInclude>
    <ClInclude Include="MatchaEngine\Graphics\PSO\BlendState.h">
      <Filter>PSO</Filter>
    </ClInclude>
    <ClInclude Include="MatchaEngine\Graphics\PSO\RasterizerState.h">
      <Filter>PSO</Filter>
    </ClInclude>
    <ClInclude Include="MatchaEngine\Graphics\PSO\ShaderCompile.h">
      <Filter>PSO</Filter>
    </ClInclude>
    <ClInclude Include="MatchaEngine\Graphics\PSO\DirectXShaderCompiler.h">
      <Filter>PSO</Filter>
    </ClInclude>
    <ClInclude Include="MatchaEngine\Graphics\PSO\DepthStencilState.h">
      <Filter>PSO</Filter>
    </ClInclude>
    <ClInclude Include="MatchaEngine\Engine.h">
      <Filter>ヘッダー ファイル</Filter>
    </ClInclude>
    <ClInclude Include="MatchaEngine\Resource\Audio.h">
      <Filter>ヘッダー ファイル</Filter>
    </ClInclude>
    <ClInclude Include="MatchaEngine\Input\Input.h">
      <Filter>ヘッダー ファイル</Filter>
    </ClInclude>
    <ClInclude Include="MatchaEngine\GameObjects\DebugCamera.h">
      <Filter>ヘッダー ファイル</Filter>
    </ClInclude>
    <ClInclude Include="MatchaEngine\Graphics\SwapChain.h">
      <Filter>ヘッダー ファイル</Filter>
    </ClInclude>
    <ClInclude Include="MatchaEngine\Graphics\RenderTargetView.h">
      <Filter>ヘッダー ファイル</Filter>
    </ClInclude>
    <ClInclude Include="MatchaEngine\GameObjects\MaterialFactory.h">
      <Filter>ヘッダー ファイル</Filter>
    </ClInclude>
    <ClInclude Include="MatchaEngine\Graphics\DepthStencil.h">
      <Filter>ヘッダー ファイル</Filter>
    </ClInclude>
    <ClInclude Include="MatchaEngine\Graphics\DescriptorHeap.h">
      <Filter>ヘッダー ファイル</Filter>
    </ClInclude>
    <ClInclude Include="MatchaEngine\Graphics\PSO\Sampler.h">
      <Filter>ヘッダー ファイル</Filter>
    </ClInclude>
    <ClInclude Include="MatchaEngine\Graphics\GpuSyncManager.h">
      <Filter>ヘッダー ファイル</Filter>
    </ClInclude>
    <ClInclude Include="MatchaEngine\Graphics\ViewportScissor.h">
      <Filter>ヘッダー ファイル</Filter>
    </ClInclude>
    <ClInclude Include="MatchaEngine\GameObjects\Model.h">
      <Filter>ヘッダー ファイル</Filter>
    </ClInclude>
    <ClInclude Include="MatchaEngine\Resource\Load.h">
      <Filter>ヘッダー ファイル</Filter>
    </ClInclude>
    <ClInclude Include="MatchaEngine\Resource\Texture.h">
      <Filter>ヘッダー ファイル</Filter>
    </ClInclude>
    <ClInclude Include="MatchaEngine\Resource\TextureLoader.h">
      <Filter>ヘッダー ファイル</Filter>
    </ClInclude>
    <ClInclude Include="MatchaEngine\Graphics\DirectinalLight.h">
      <Filter>ヘッダー ファイル</Filter>
    </ClInclude>
    <ClInclude Include="MatchaEngine\Graphics\ResourceBarrierHelper.h">
      <Filter>ヘッダー ファイル</Filter>
    </ClInclude>
    <ClInclude Include="MatchaEngine\GameObjects\Sprite.h">
      <Filter>ヘッダー ファイル</Filter>
    </ClInclude>
    <ClInclude Include="MatchaEngine\GameObjects\Sphere.h">
      <Filter>ヘッダー ファイル</Filter>
    </ClInclude>
  </ItemGroup>
  <ItemGroup>
    <Text Include="externals\imgui\LICENSE.txt">
      <Filter>imgui</Filter>
    </Text>
  </ItemGroup>
  <ItemGroup>
    <None Include="MatchaEngine\Graphics\Shader\Object3d.hlsli" />
  </ItemGroup>
</Project>