<?xml version="1.0" encoding="utf-8"?>
<Project ToolsVersion="4.0" xmlns="http://schemas.microsoft.com/developer/msbuild/2003">
  <ItemGroup>
    <Filter Include="ソース ファイル">
      <UniqueIdentifier>{4FC737F1-C7A5-4376-A066-2A32D752A2FF}</UniqueIdentifier>
      <Extensions>cpp;c;cc;cxx;c++;cppm;ixx;def;odl;idl;hpj;bat;asm;asmx</Extensions>
    </Filter>
    <Filter Include="ヘッダー ファイル">
      <UniqueIdentifier>{93995380-89BD-4b04-88EB-625FBE52EBFB}</UniqueIdentifier>
      <Extensions>h;hh;hpp;hxx;h++;hm;inl;inc;ipp;xsd</Extensions>
    </Filter>
    <Filter Include="リソース ファイル">
      <UniqueIdentifier>{67DA6AB6-F800-4c08-8B7A-83BB121AAD01}</UniqueIdentifier>
      <Extensions>rc;ico;cur;bmp;dlg;rc2;rct;bin;rgs;gif;jpg;jpeg;jpe;resx;tiff;tif;png;wav;mfcribbon-ms</Extensions>
    </Filter>
    <Filter Include="Game">
      <UniqueIdentifier>{23e92193-486f-4257-97c0-8cd7f43e15e4}</UniqueIdentifier>
    </Filter>
    <Filter Include="externals">
      <UniqueIdentifier>{df5ec99a-a13d-474d-b363-5965fc736853}</UniqueIdentifier>
    </Filter>
    <Filter Include="externals\imgui">
      <UniqueIdentifier>{4601c333-aa04-41fc-afe5-32f6d158f906}</UniqueIdentifier>
    </Filter>
    <Filter Include="MatchaEngine">
      <UniqueIdentifier>{9c6ae038-8a6b-4e18-b45c-db77cacfb213}</UniqueIdentifier>
    </Filter>
    <Filter Include="MatchaEngine\Common">
      <UniqueIdentifier>{4c0e0fea-e72a-4df8-b3ef-5b0f14cb099d}</UniqueIdentifier>
    </Filter>
    <Filter Include="MatchaEngine\Core">
      <UniqueIdentifier>{3d5f3206-5e94-4464-98ce-858be4915e55}</UniqueIdentifier>
    </Filter>
    <Filter Include="MatchaEngine\Core\VariableTypes">
      <UniqueIdentifier>{4ccba8f3-74dd-410e-ba8d-05a75f22a03b}</UniqueIdentifier>
    </Filter>
    <Filter Include="MatchaEngine\GameObjects">
      <UniqueIdentifier>{c2cbbca1-eabb-499d-a616-b6ed9f11a0b3}</UniqueIdentifier>
    </Filter>
    <Filter Include="MatchaEngine\Graphics">
      <UniqueIdentifier>{5a99851d-6c1b-40f9-9560-3a2f33c33af4}</UniqueIdentifier>
    </Filter>
    <Filter Include="MatchaEngine\Graphics\PSO">
      <UniqueIdentifier>{3276363f-251f-4b75-ad98-f09f0b484152}</UniqueIdentifier>
    </Filter>
    <Filter Include="MatchaEngine\Input">
      <UniqueIdentifier>{cf5f1de6-511b-442f-8c48-3e9de93e3117}</UniqueIdentifier>
    </Filter>
    <Filter Include="MatchaEngine\Math">
      <UniqueIdentifier>{68929b1b-c3b7-4854-9166-5211761885ba}</UniqueIdentifier>
    </Filter>
    <Filter Include="MatchaEngine\Resource">
      <UniqueIdentifier>{72e362f4-0f67-4bd7-81ca-287e3a9b5602}</UniqueIdentifier>
    </Filter>
    <Filter Include="MatchaEngine\Shader">
      <UniqueIdentifier>{6ca9b9b3-e1ed-4e54-8cc9-5d5cd2b11281}</UniqueIdentifier>
    </Filter>
  </ItemGroup>
  <ItemGroup>
    <ClCompile Include="externals\imgui\imgui.cpp">
      <Filter>externals\imgui</Filter>
    </ClCompile>
    <ClCompile Include="externals\imgui\imgui_demo.cpp">
      <Filter>externals\imgui</Filter>
    </ClCompile>
    <ClCompile Include="externals\imgui\imgui_draw.cpp">
      <Filter>externals\imgui</Filter>
    </ClCompile>
    <ClCompile Include="externals\imgui\imgui_impl_dx12.cpp">
      <Filter>externals\imgui</Filter>
    </ClCompile>
    <ClCompile Include="externals\imgui\imgui_impl_win32.cpp">
      <Filter>externals\imgui</Filter>
    </ClCompile>
    <ClCompile Include="externals\imgui\imgui_tables.cpp">
      <Filter>externals\imgui</Filter>
    </ClCompile>
    <ClCompile Include="externals\imgui\imgui_widgets.cpp">
      <Filter>externals\imgui</Filter>
    </ClCompile>
    <ClCompile Include="MatchaEngine\Graphics\PSO\GraphicsPipelineState.cpp">
      <Filter>MatchaEngine\Graphics\PSO</Filter>
    </ClCompile>
    <ClCompile Include="MatchaEngine\Graphics\PSO\RootSignature.cpp">
      <Filter>MatchaEngine\Graphics\PSO</Filter>
    </ClCompile>
    <ClCompile Include="MatchaEngine\Graphics\PSO\InputLayout.cpp">
      <Filter>MatchaEngine\Graphics\PSO</Filter>
    </ClCompile>
    <ClCompile Include="MatchaEngine\Graphics\PSO\RootParameter.cpp">
      <Filter>MatchaEngine\Graphics\PSO</Filter>
    </ClCompile>
    <ClCompile Include="MatchaEngine\Graphics\PSO\BlendState.cpp">
      <Filter>MatchaEngine\Graphics\PSO</Filter>
    </ClCompile>
    <ClCompile Include="MatchaEngine\Graphics\PSO\RasterizerState.cpp">
      <Filter>MatchaEngine\Graphics\PSO</Filter>
    </ClCompile>
    <ClCompile Include="MatchaEngine\Graphics\PSO\ShaderCompile.cpp">
      <Filter>MatchaEngine\Graphics\PSO</Filter>
    </ClCompile>
    <ClCompile Include="MatchaEngine\Graphics\PSO\DirectXShaderCompiler.cpp">
      <Filter>MatchaEngine\Graphics\PSO</Filter>
    </ClCompile>
    <ClCompile Include="MatchaEngine\Graphics\PSO\DepthStencilState.cpp">
      <Filter>MatchaEngine\Graphics\PSO</Filter>
    </ClCompile>
    <ClCompile Include="MatchaEngine\Common\CommandContext.cpp">
      <Filter>MatchaEngine\Common</Filter>
    </ClCompile>
    <ClCompile Include="MatchaEngine\Core\LogHandler.cpp">
      <Filter>MatchaEngine\Core</Filter>
    </ClCompile>
    <ClCompile Include="MatchaEngine\Core\WindowConfig.cpp">
      <Filter>MatchaEngine\Core</Filter>
    </ClCompile>
    <ClCompile Include="MatchaEngine\GameObjects\DebugCamera.cpp">
      <Filter>MatchaEngine\GameObjects</Filter>
    </ClCompile>
    <ClCompile Include="MatchaEngine\GameObjects\Grid.cpp">
      <Filter>MatchaEngine\GameObjects</Filter>
    </ClCompile>
    <ClCompile Include="MatchaEngine\GameObjects\Line.cpp">
      <Filter>MatchaEngine\GameObjects</Filter>
    </ClCompile>
    <ClCompile Include="MatchaEngine\GameObjects\MaterialFactory.cpp">
      <Filter>MatchaEngine\GameObjects</Filter>
    </ClCompile>
    <ClCompile Include="MatchaEngine\GameObjects\Model.cpp">
      <Filter>MatchaEngine\GameObjects</Filter>
    </ClCompile>
    <ClCompile Include="MatchaEngine\GameObjects\Sphere.cpp">
      <Filter>MatchaEngine\GameObjects</Filter>
    </ClCompile>
    <ClCompile Include="MatchaEngine\GameObjects\Sprite.cpp">
      <Filter>MatchaEngine\GameObjects</Filter>
    </ClCompile>
    <ClCompile Include="MatchaEngine\GameObjects\Triangle.cpp">
      <Filter>MatchaEngine\GameObjects</Filter>
    </ClCompile>
    <ClCompile Include="MatchaEngine\Input\GamePadInput.cpp">
      <Filter>MatchaEngine\Input</Filter>
    </ClCompile>
    <ClCompile Include="MatchaEngine\Input\Input.cpp">
      <Filter>MatchaEngine\Input</Filter>
    </ClCompile>
    <ClCompile Include="MatchaEngine\Math\Calculation.cpp">
      <Filter>MatchaEngine\Math</Filter>
    </ClCompile>
    <ClCompile Include="MatchaEngine\Resource\Audio.cpp">
      <Filter>MatchaEngine\Resource</Filter>
    </ClCompile>
    <ClCompile Include="MatchaEngine\Resource\Load.cpp">
      <Filter>MatchaEngine\Resource</Filter>
    </ClCompile>
    <ClCompile Include="MatchaEngine\Resource\Texture.cpp">
      <Filter>MatchaEngine\Resource</Filter>
    </ClCompile>
    <ClCompile Include="MatchaEngine\Resource\TextureLoader.cpp">
      <Filter>MatchaEngine\Resource</Filter>
    </ClCompile>
    <ClCompile Include="MatchaEngine\Graphics\DepthStencil.cpp">
      <Filter>MatchaEngine\Graphics</Filter>
    </ClCompile>
    <ClCompile Include="MatchaEngine\Graphics\DescriptorHeap.cpp">
      <Filter>MatchaEngine\Graphics</Filter>
    </ClCompile>
    <ClCompile Include="MatchaEngine\Graphics\DirectinalLight.cpp">
      <Filter>MatchaEngine\Graphics</Filter>
    </ClCompile>
    <ClCompile Include="MatchaEngine\Graphics\Draw.cpp">
      <Filter>MatchaEngine\Graphics</Filter>
    </ClCompile>
    <ClCompile Include="MatchaEngine\Graphics\GpuSyncManager.cpp">
      <Filter>MatchaEngine\Graphics</Filter>
    </ClCompile>
    <ClCompile Include="MatchaEngine\Graphics\GraphicsDevice.cpp">
      <Filter>MatchaEngine\Graphics</Filter>
    </ClCompile>
    <ClCompile Include="MatchaEngine\Graphics\RenderTargetView.cpp">
      <Filter>MatchaEngine\Graphics</Filter>
    </ClCompile>
    <ClCompile Include="MatchaEngine\Graphics\ResourceBarrierHelper.cpp">
      <Filter>MatchaEngine\Graphics</Filter>
    </ClCompile>
    <ClCompile Include="MatchaEngine\Graphics\PSO\Sampler.cpp">
      <Filter>MatchaEngine\Graphics</Filter>
    </ClCompile>
    <ClCompile Include="MatchaEngine\Graphics\SwapChain.cpp">
      <Filter>MatchaEngine\Graphics</Filter>
    </ClCompile>
    <ClCompile Include="MatchaEngine\Graphics\ViewportScissor.cpp">
      <Filter>MatchaEngine\Graphics</Filter>
    </ClCompile>
    <ClCompile Include="MatchaEngine\Engine.cpp">
      <Filter>MatchaEngine</Filter>
    </ClCompile>
    <ClCompile Include="Game\GameScene.cpp">
      <Filter>Game</Filter>
    </ClCompile>
    <ClCompile Include="Game\SceneManager.cpp">
      <Filter>Game</Filter>
    </ClCompile>
    <ClCompile Include="Game\TitleScene.cpp">
      <Filter>Game</Filter>
    </ClCompile>
    <ClCompile Include="MatchaEngine\GameObjects\Camera.cpp">
      <Filter>MatchaEngine\GameObjects</Filter>
    </ClCompile>
    <ClCompile Include="main.cpp">
      <Filter>ソース ファイル</Filter>
    </ClCompile>
    <ClCompile Include="MatchaEngine\Resource\ModelManager.cpp">
      <Filter>ソース ファイル</Filter>
    </ClCompile>
    <ClCompile Include="MatchaEngine\GameObjects\Particle.cpp">
      <Filter>ソース ファイル</Filter>
    </ClCompile>
    <ClCompile Include="Game\Fade.cpp">
      <Filter>ソース ファイル</Filter>
    </ClCompile>
    <ClCompile Include="Game\GameScene\Entity\PLayer.cpp">
      <Filter>ソース ファイル</Filter>
    </ClCompile>
    <ClCompile Include="Game\GameScene\Entity\Enemy.cpp">
      <Filter>ソース ファイル</Filter>
    </ClCompile>
    <ClCompile Include="Game\GameScene\Entity\Entity.cpp">
      <Filter>ソース ファイル</Filter>
    </ClCompile>
  </ItemGroup>
  <ItemGroup>
    <FxCompile Include="resources\Shader\Object3d.VS.hlsl">
      <Filter>MatchaEngine\Shader</Filter>
    </FxCompile>
    <FxCompile Include="resources\Shader\Line.PS.hlsl">
      <Filter>MatchaEngine\Shader</Filter>
    </FxCompile>
    <FxCompile Include="resources\Shader\Line.VS.hlsl">
      <Filter>MatchaEngine\Shader</Filter>
    </FxCompile>
    <FxCompile Include="resources\Shader\Object3d.PS.hlsl">
      <Filter>MatchaEngine\Shader</Filter>
    </FxCompile>
  </ItemGroup>
  <ItemGroup>
    <ClInclude Include="externals\imgui\imconfig.h">
      <Filter>externals\imgui</Filter>
    </ClInclude>
    <ClInclude Include="externals\imgui\imgui.h">
      <Filter>externals\imgui</Filter>
    </ClInclude>
    <ClInclude Include="externals\imgui\imgui_impl_dx12.h">
      <Filter>externals\imgui</Filter>
    </ClInclude>
    <ClInclude Include="externals\imgui\imgui_impl_win32.h">
      <Filter>externals\imgui</Filter>
    </ClInclude>
    <ClInclude Include="externals\imgui\imgui_internal.h">
      <Filter>externals\imgui</Filter>
    </ClInclude>
    <ClInclude Include="externals\imgui\imstb_rectpack.h">
      <Filter>externals\imgui</Filter>
    </ClInclude>
    <ClInclude Include="externals\imgui\imstb_textedit.h">
      <Filter>externals\imgui</Filter>
    </ClInclude>
    <ClInclude Include="externals\imgui\imstb_truetype.h">
      <Filter>externals\imgui</Filter>
    </ClInclude>
    <ClInclude Include="MatchaEngine\Graphics\PSO\GraphicsPipelineState.h">
      <Filter>MatchaEngine\Graphics\PSO</Filter>
    </ClInclude>
    <ClInclude Include="MatchaEngine\Graphics\PSO\RootSignature.h">
      <Filter>MatchaEngine\Graphics\PSO</Filter>
    </ClInclude>
    <ClInclude Include="MatchaEngine\Graphics\PSO\InputLayout.h">
      <Filter>MatchaEngine\Graphics\PSO</Filter>
    </ClInclude>
    <ClInclude Include="MatchaEngine\Graphics\PSO\RootParameter.h">
      <Filter>MatchaEngine\Graphics\PSO</Filter>
    </ClInclude>
    <ClInclude Include="MatchaEngine\Graphics\PSO\BlendState.h">
      <Filter>MatchaEngine\Graphics\PSO</Filter>
    </ClInclude>
    <ClInclude Include="MatchaEngine\Graphics\PSO\RasterizerState.h">
      <Filter>MatchaEngine\Graphics\PSO</Filter>
    </ClInclude>
    <ClInclude Include="MatchaEngine\Graphics\PSO\ShaderCompile.h">
      <Filter>MatchaEngine\Graphics\PSO</Filter>
    </ClInclude>
    <ClInclude Include="MatchaEngine\Graphics\PSO\DirectXShaderCompiler.h">
      <Filter>MatchaEngine\Graphics\PSO</Filter>
    </ClInclude>
    <ClInclude Include="MatchaEngine\Graphics\PSO\DepthStencilState.h">
      <Filter>MatchaEngine\Graphics\PSO</Filter>
    </ClInclude>
    <ClInclude Include="MatchaEngine\Common\CommandContext.h">
      <Filter>MatchaEngine\Common</Filter>
    </ClInclude>
    <ClInclude Include="MatchaEngine\Core\VariableTypes\Vector2.h">
      <Filter>MatchaEngine\Core\VariableTypes</Filter>
    </ClInclude>
    <ClInclude Include="MatchaEngine\Core\VariableTypes\Vector2Int.h">
      <Filter>MatchaEngine\Core\VariableTypes</Filter>
    </ClInclude>
    <ClInclude Include="MatchaEngine\Core\VariableTypes\Vector3.h">
      <Filter>MatchaEngine\Core\VariableTypes</Filter>
    </ClInclude>
    <ClInclude Include="MatchaEngine\Core\VariableTypes\Vector3Int.h">
      <Filter>MatchaEngine\Core\VariableTypes</Filter>
    </ClInclude>
    <ClInclude Include="MatchaEngine\Core\VariableTypes\Matrix4x4.h">
      <Filter>MatchaEngine\Core\VariableTypes</Filter>
    </ClInclude>
    <ClInclude Include="MatchaEngine\Core\VariableTypes.h">
      <Filter>MatchaEngine\Core</Filter>
    </ClInclude>
    <ClInclude Include="MatchaEngine\Core\LogHandler.h">
      <Filter>MatchaEngine\Core</Filter>
    </ClInclude>
    <ClInclude Include="MatchaEngine\Core\WindowConfig.h">
      <Filter>MatchaEngine\Core</Filter>
    </ClInclude>
    <ClInclude Include="MatchaEngine\GameObjects\DebugCamera.h">
      <Filter>MatchaEngine\GameObjects</Filter>
    </ClInclude>
    <ClInclude Include="MatchaEngine\GameObjects\Grid.h">
      <Filter>MatchaEngine\GameObjects</Filter>
    </ClInclude>
    <ClInclude Include="MatchaEngine\GameObjects\Line.h">
      <Filter>MatchaEngine\GameObjects</Filter>
    </ClInclude>
    <ClInclude Include="MatchaEngine\GameObjects\MaterialFactory.h">
      <Filter>MatchaEngine\GameObjects</Filter>
    </ClInclude>
    <ClInclude Include="MatchaEngine\GameObjects\Model.h">
      <Filter>MatchaEngine\GameObjects</Filter>
    </ClInclude>
    <ClInclude Include="MatchaEngine\GameObjects\Sphere.h">
      <Filter>MatchaEngine\GameObjects</Filter>
    </ClInclude>
    <ClInclude Include="MatchaEngine\GameObjects\Sprite.h">
      <Filter>MatchaEngine\GameObjects</Filter>
    </ClInclude>
    <ClInclude Include="MatchaEngine\GameObjects\Triangle.h">
      <Filter>MatchaEngine\GameObjects</Filter>
    </ClInclude>
    <ClInclude Include="MatchaEngine\Input\GamePadInput.h">
      <Filter>MatchaEngine\Input</Filter>
    </ClInclude>
    <ClInclude Include="MatchaEngine\Input\Input.h">
      <Filter>MatchaEngine\Input</Filter>
    </ClInclude>
    <ClInclude Include="MatchaEngine\Math\Calculation.h">
      <Filter>MatchaEngine\Math</Filter>
    </ClInclude>
    <ClInclude Include="MatchaEngine\Resource\Audio.h">
      <Filter>MatchaEngine\Resource</Filter>
    </ClInclude>
    <ClInclude Include="MatchaEngine\Resource\Load.h">
      <Filter>MatchaEngine\Resource</Filter>
    </ClInclude>
    <ClInclude Include="MatchaEngine\Resource\Texture.h">
      <Filter>MatchaEngine\Resource</Filter>
    </ClInclude>
    <ClInclude Include="MatchaEngine\Resource\TextureLoader.h">
      <Filter>MatchaEngine\Resource</Filter>
    </ClInclude>
    <ClInclude Include="MatchaEngine\Graphics\DepthStencil.h">
      <Filter>MatchaEngine\Graphics</Filter>
    </ClInclude>
    <ClInclude Include="MatchaEngine\Graphics\DescriptorHeap.h">
      <Filter>MatchaEngine\Graphics</Filter>
    </ClInclude>
    <ClInclude Include="MatchaEngine\Graphics\DirectinalLight.h">
      <Filter>MatchaEngine\Graphics</Filter>
    </ClInclude>
    <ClInclude Include="MatchaEngine\Graphics\Draw.h">
      <Filter>MatchaEngine\Graphics</Filter>
    </ClInclude>
    <ClInclude Include="MatchaEngine\Graphics\GpuSyncManager.h">
      <Filter>MatchaEngine\Graphics</Filter>
    </ClInclude>
    <ClInclude Include="MatchaEngine\Graphics\GraphicsDevice.h">
      <Filter>MatchaEngine\Graphics</Filter>
    </ClInclude>
    <ClInclude Include="MatchaEngine\Graphics\RenderTargetView.h">
      <Filter>MatchaEngine\Graphics</Filter>
    </ClInclude>
    <ClInclude Include="MatchaEngine\Graphics\ResourceBarrierHelper.h">
      <Filter>MatchaEngine\Graphics</Filter>
    </ClInclude>
    <ClInclude Include="MatchaEngine\Graphics\PSO\Sampler.h">
      <Filter>MatchaEngine\Graphics</Filter>
    </ClInclude>
    <ClInclude Include="MatchaEngine\Graphics\SwapChain.h">
      <Filter>MatchaEngine\Graphics</Filter>
    </ClInclude>
    <ClInclude Include="MatchaEngine\Graphics\ViewportScissor.h">
      <Filter>MatchaEngine\Graphics</Filter>
    </ClInclude>
    <ClInclude Include="MatchaEngine\Engine.h">
      <Filter>MatchaEngine</Filter>
    </ClInclude>
    <ClInclude Include="Game\GameScene.h">
      <Filter>Game</Filter>
    </ClInclude>
    <ClInclude Include="Game\SceneManager.h">
      <Filter>Game</Filter>
    </ClInclude>
    <ClInclude Include="Game\TitleScene.h">
      <Filter>Game</Filter>
    </ClInclude>
    <ClInclude Include="MatchaEngine\GameObjects\Camera.h">
      <Filter>MatchaEngine\GameObjects</Filter>
    </ClInclude>
    <ClInclude Include="MatchaEngine\Graphics\PSO\RenderState.h">
      <Filter>MatchaEngine\Graphics\PSO</Filter>
    </ClInclude>
    <ClInclude Include="MatchaEngine\Resource\ModelManager.h">
      <Filter>ヘッダー ファイル</Filter>
    </ClInclude>
    <ClInclude Include="MatchaEngine\GameObjects\Particle.h">
      <Filter>ヘッダー ファイル</Filter>
    </ClInclude>
    <ClInclude Include="Game\IScene.h">
      <Filter>ヘッダー ファイル</Filter>
    </ClInclude>
    <ClInclude Include="Game\Fade.h">
      <Filter>ヘッダー ファイル</Filter>
    </ClInclude>
    <ClInclude Include="Game\GameScene\Entity\PLayer.h">
      <Filter>ヘッダー ファイル</Filter>
    </ClInclude>
    <ClInclude Include="Game\GameScene\Entity\Enemy.h">
      <Filter>ヘッダー ファイル</Filter>
    </ClInclude>
    <ClInclude Include="Game\GameScene\Entity\Entity.h">
      <Filter>ヘッダー ファイル</Filter>
    </ClInclude>
  </ItemGroup>
  <ItemGroup>
    <Text Include="externals\imgui\LICENSE.txt">
      <Filter>externals\imgui</Filter>
    </Text>
  </ItemGroup>
  <ItemGroup>
    <None Include="resources\Shader\Line.hlsli">
      <Filter>MatchaEngine\Shader</Filter>
    </None>
    <None Include="resources\Shader\Object3d.hlsli">
      <Filter>MatchaEngine\Shader</Filter>
    </None>
  </ItemGroup>
</Project>